
Microsoft Visual Studio Solution File, Format Version 12.00
# Visual Studio Version 17
VisualStudioVersion = 17.8.34511.84
MinimumVisualStudioVersion = 10.0.40219.1
Project("{FAE04EC0-301F-11D3-BF4B-00C04F79EFBC}") = "Desafio_1_e_2_", "Desafio_1_e_2_.csproj", "{D770BDB1-D13C-47C1-A86D-C0E12F37AD06}"
EndProject
Project("{FAE04EC0-301F-11D3-BF4B-00C04F79EFBC}") = "Desafio_3", "..\Desafio_3\Desafio_3.csproj", "{53E78624-C278-47DF-A8D7-FA39EBE10A9A}"
EndProject
Project("{FAE04EC0-301F-11D3-BF4B-00C04F79EFBC}") = "Desafio_4", "..\Desafio_4\Desafio_4.csproj", "{0FEBF827-A2C4-45C6-A132-3EFB11844CB0}"
EndProject
Global
	GlobalSection(SolutionConfigurationPlatforms) = preSolution
		Debug|Any CPU = Debug|Any CPU
		Release|Any CPU = Release|Any CPU
	EndGlobalSection
	GlobalSection(ProjectConfigurationPlatforms) = postSolution
		{D770BDB1-D13C-47C1-A86D-C0E12F37AD06}.Debug|Any CPU.ActiveCfg = Debug|Any CPU
		{D770BDB1-D13C-47C1-A86D-C0E12F37AD06}.Debug|Any CPU.Build.0 = Debug|Any CPU
		{D770BDB1-D13C-47C1-A86D-C0E12F37AD06}.Release|Any CPU.ActiveCfg = Release|Any CPU
		{D770BDB1-D13C-47C1-A86D-C0E12F37AD06}.Release|Any CPU.Build.0 = Release|Any CPU
		{53E78624-C278-47DF-A8D7-FA39EBE10A9A}.Debug|Any CPU.ActiveCfg = Debug|Any CPU
		{53E78624-C278-47DF-A8D7-FA39EBE10A9A}.Debug|Any CPU.Build.0 = Debug|Any CPU
		{53E78624-C278-47DF-A8D7-FA39EBE10A9A}.Release|Any CPU.ActiveCfg = Release|Any CPU
		{53E78624-C278-47DF-A8D7-FA39EBE10A9A}.Release|Any CPU.Build.0 = Release|Any CPU
		{0FEBF827-A2C4-45C6-A132-3EFB11844CB0}.Debug|Any CPU.ActiveCfg = Debug|Any CPU
		{0FEBF827-A2C4-45C6-A132-3EFB11844CB0}.Debug|Any CPU.Build.0 = Debug|Any CPU
		{0FEBF827-A2C4-45C6-A132-3EFB11844CB0}.Release|Any CPU.ActiveCfg = Release|Any CPU
		{0FEBF827-A2C4-45C6-A132-3EFB11844CB0}.Release|Any CPU.Build.0 = Release|Any CPU
	EndGlobalSection
	GlobalSection(SolutionProperties) = preSolution
		HideSolutionNode = FALSE
	EndGlobalSection
	GlobalSection(ExtensibilityGlobals) = postSolution
		SolutionGuid = {36626B2F-B852-4162-901F-EAADDB301FEA}
	EndGlobalSection
EndGlobal
